# generated by rye
# use `rye lock` or `rye sync` to update this lockfile
#
# last locked with the following flags:
#   pre: false
#   features: []
#   all-features: false
#   with-sources: false

-e file:.
annotated-types==0.6.0
    # via pydantic
anyio==4.3.0
    # via httpx
    # via starlette
certifi==2024.2.2
    # via httpcore
    # via httpx
click==8.1.7
    # via uvicorn
fastapi==0.110.1
    # via edge-proxy
flagsmith-flag-engine==6.1.0
    # via edge-proxy
h11==0.14.0
    # via httpcore
    # via uvicorn
httpcore==1.0.5
    # via httpx
httpx==0.27.0
    # via edge-proxy
idna==3.6
    # via anyio
    # via httpx
marshmallow==3.21.1
    # via edge-proxy
orjson==3.10.0
    # via edge-proxy
packaging==24.0
    # via marshmallow
pydantic==2.7.1
    # via edge-proxy
    # via fastapi
    # via flagsmith-flag-engine
    # via pydantic-collections
    # via pydantic-settings
pydantic-collections==0.5.4
    # via flagsmith-flag-engine
pydantic-core==2.18.2
    # via pydantic
pydantic-settings==2.2.1
    # via edge-proxy
python-decouple==3.8
    # via edge-proxy
python-dotenv==1.0.1
    # via edge-proxy
    # via pydantic-settings
semver==3.0.2
    # via flagsmith-flag-engine
sniffio==1.3.1
    # via anyio
    # via httpx
starlette==0.37.2
    # via fastapi
structlog==24.1.0
    # via edge-proxy
typing-extensions==4.11.0
    # via fastapi
    # via pydantic
    # via pydantic-collections
    # via pydantic-core
uvicorn==0.29.0
    # via edge-proxy
